
Microsoft Visual Studio Solution File, Format Version 12.00
# Visual Studio Version 17
VisualStudioVersion = 17.5.33627.172
MinimumVisualStudioVersion = 10.0.40219.1
Project("{8BC9CEB8-8B4A-11D0-8D11-00A0C91BC942}") = "13_1", "13_1.vcxproj", "{0CF0BC5E-8A5C-4C59-B212-28942E8A8CC2}"
EndProject
Global
	GlobalSection(SolutionConfigurationPlatforms) = preSolution
		Debug|x64 = Debug|x64
		Release|x64 = Release|x64
	EndGlobalSection
	GlobalSection(ProjectConfigurationPlatforms) = postSolution
		{0CF0BC5E-8A5C-4C59-B212-28942E8A8CC2}.Debug|x64.ActiveCfg = Debug|x64
		{0CF0BC5E-8A5C-4C59-B212-28942E8A8CC2}.Debug|x64.Build.0 = Debug|x64
		{0CF0BC5E-8A5C-4C59-B212-28942E8A8CC2}.Release|x64.ActiveCfg = Release|x64
		{0CF0BC5E-8A5C-4C59-B212-28942E8A8CC2}.Release|x64.Build.0 = Release|x64
	EndGlobalSection
	GlobalSection(SolutionProperties) = preSolution
		HideSolutionNode = FALSE
	EndGlobalSection
	GlobalSection(ExtensibilityGlobals) = postSolution
		SolutionGuid = {D994013B-4655-48E9-A58B-87B441C5D15A}
	EndGlobalSection
EndGlobal
